
Microsoft Visual Studio Solution File, Format Version 12.00
# Visual Studio Version 16
VisualStudioVersion = 16.0.29519.87
MinimumVisualStudioVersion = 10.0.40219.1
Project("{FAE04EC0-301F-11D3-BF4B-00C04F79EFBC}") = "HearthstoneBot", "HearthstoneBot\HearthstoneBot.csproj", "{4B38D835-369C-4793-9C09-06D02BCB5D92}"
EndProject
Global
	GlobalSection(SolutionConfigurationPlatforms) = preSolution
		Debug|Any CPU = Debug|Any CPU
		Release|Any CPU = Release|Any CPU
	EndGlobalSection
	GlobalSection(ProjectConfigurationPlatforms) = postSolution
		{4B38D835-369C-4793-9C09-06D02BCB5D92}.Debug|Any CPU.ActiveCfg = Debug|Any CPU
		{4B38D835-369C-4793-9C09-06D02BCB5D92}.Debug|Any CPU.Build.0 = Debug|Any CPU
		{4B38D835-369C-4793-9C09-06D02BCB5D92}.Release|Any CPU.ActiveCfg = Release|Any CPU
		{4B38D835-369C-4793-9C09-06D02BCB5D92}.Release|Any CPU.Build.0 = Release|Any CPU
	EndGlobalSection
	GlobalSection(SolutionProperties) = preSolution
		HideSolutionNode = FALSE
	EndGlobalSection
	GlobalSection(ExtensibilityGlobals) = postSolution
		SolutionGuid = {87A6766E-DEB6-4B78-B599-D782ECC49B55}
	EndGlobalSection
EndGlobal
